
Microsoft Visual Studio Solution File, Format Version 12.00
# Visual Studio Version 17
VisualStudioVersion = 17.4.32916.344
MinimumVisualStudioVersion = 10.0.40219.1
Project("{FAE04EC0-301F-11D3-BF4B-00C04F79EFBC}") = "SuperHeroApi", "SuperHeroApi\SuperHeroApi.csproj", "{2C49FE97-7EC5-4CF2-ADB4-3C5ED3DC8085}"
EndProject
Global
	GlobalSection(SolutionConfigurationPlatforms) = preSolution
		Debug|Any CPU = Debug|Any CPU
		Release|Any CPU = Release|Any CPU
	EndGlobalSection
	GlobalSection(ProjectConfigurationPlatforms) = postSolution
		{2C49FE97-7EC5-4CF2-ADB4-3C5ED3DC8085}.Debug|Any CPU.ActiveCfg = Debug|Any CPU
		{2C49FE97-7EC5-4CF2-ADB4-3C5ED3DC8085}.Debug|Any CPU.Build.0 = Debug|Any CPU
		{2C49FE97-7EC5-4CF2-ADB4-3C5ED3DC8085}.Release|Any CPU.ActiveCfg = Release|Any CPU
		{2C49FE97-7EC5-4CF2-ADB4-3C5ED3DC8085}.Release|Any CPU.Build.0 = Release|Any CPU
	EndGlobalSection
	GlobalSection(SolutionProperties) = preSolution
		HideSolutionNode = FALSE
	EndGlobalSection
	GlobalSection(ExtensibilityGlobals) = postSolution
		SolutionGuid = {D9134078-929B-46D8-899D-6BF64CB34B44}
	EndGlobalSection
EndGlobal
